
Microsoft Visual Studio Solution File, Format Version 12.00
# Visual Studio Version 17
VisualStudioVersion = 17.4.33213.308
MinimumVisualStudioVersion = 10.0.40219.1
Project("{FAE04EC0-301F-11D3-BF4B-00C04F79EFBC}") = "IRPr", "IRPr\IRPr.csproj", "{C7918EA3-1A28-4929-9F94-2373A185715D}"
EndProject
Global
	GlobalSection(SolutionConfigurationPlatforms) = preSolution
		Debug|Any CPU = Debug|Any CPU
		Release|Any CPU = Release|Any CPU
	EndGlobalSection
	GlobalSection(ProjectConfigurationPlatforms) = postSolution
		{C7918EA3-1A28-4929-9F94-2373A185715D}.Debug|Any CPU.ActiveCfg = Debug|Any CPU
		{C7918EA3-1A28-4929-9F94-2373A185715D}.Debug|Any CPU.Build.0 = Debug|Any CPU
		{C7918EA3-1A28-4929-9F94-2373A185715D}.Release|Any CPU.ActiveCfg = Release|Any CPU
		{C7918EA3-1A28-4929-9F94-2373A185715D}.Release|Any CPU.Build.0 = Release|Any CPU
	EndGlobalSection
	GlobalSection(SolutionProperties) = preSolution
		HideSolutionNode = FALSE
	EndGlobalSection
	GlobalSection(ExtensibilityGlobals) = postSolution
		SolutionGuid = {0B715781-CFFB-4FD9-ABC0-22D955925A0D}
	EndGlobalSection
EndGlobal
